{
  "requires": true,
  "lockfileVersion": 1,
  "dependencies": {
    "clusterize.js": {
      "version": "0.18.1",
      "resolved": "https://registry.npmjs.org/clusterize.js/-/clusterize.js-0.18.1.tgz",
      "integrity": "sha512-UsLhW2lG3TaTnE8LI7ninvovua3FLrlsbksb9uzx0fVzzV2WFScO5FU/4yFwdM8RW8iuYVWFraBpDjsosReFlg=="
    }
  }
}
