{
  "requires": true,
  "lockfileVersion": 1,
  "dependencies": {
    "ev-emitter": {
      "version": "1.1.1",
      "resolved": "https://registry.npmjs.org/ev-emitter/-/ev-emitter-1.1.1.tgz",
      "integrity": "sha512-ipiDYhdQSCZ4hSbX4rMW+XzNKMD1prg/sTvoVmSLkuQ1MVlwjJQQA+sW8tMYR3BLUr9KjodFV4pvzunvRhd33Q=="
    },
    "huebee": {
      "version": "2.0.0",
      "resolved": "https://registry.npmjs.org/huebee/-/huebee-2.0.0.tgz",
      "integrity": "sha512-mAGni5h5sEHFex4+NFzV4op3ZZC0uyzgExYC5E8Yr80DsfF1Z/dvr13WQeTMXGsHKwyZa3Wg3BmO7rwLzgcrQw==",
      "requires": {
        "ev-emitter": "1.1.1",
        "unipointer": "2.3.0"
      }
    },
    "unipointer": {
      "version": "2.3.0",
      "resolved": "https://registry.npmjs.org/unipointer/-/unipointer-2.3.0.tgz",
      "integrity": "sha512-m85sAoELCZhogI1owtJV3Dva7GxkHk2lI7A0otw3o0OwCuC/Q9gi7ehddigEYIAYbhkqNdri+dU1QQkrcBvirQ==",
      "requires": {
        "ev-emitter": "1.1.1"
      }
    }
  }
}
