{
  "requires": true,
  "lockfileVersion": 1,
  "dependencies": {
    "jquery": {
      "version": "3.2.1",
      "resolved": "https://registry.npmjs.org/jquery/-/jquery-3.2.1.tgz",
      "integrity": "sha1-XE2d5lKvbNCncBVKYxu6ErAVx4c="
    },
    "progressbar.js": {
      "version": "1.0.1",
      "resolved": "https://registry.npmjs.org/progressbar.js/-/progressbar.js-1.0.1.tgz",
      "integrity": "sha1-9/v8GVJA/guzL2972y5/9ADqcfk=",
      "requires": {
        "shifty": "1.5.4"
      }
    },
    "shifty": {
      "version": "1.5.4",
      "resolved": "https://registry.npmjs.org/shifty/-/shifty-1.5.4.tgz",
      "integrity": "sha1-1DYvyRTdKA3fblIr5AiyEgMgg0Y="
    }
  }
}
